github.com/veles-security/vapi v1.8.0 h1:m/bBHmHK5EHAzjBaMtAxclrJqS0hWEl4l+AWWdR8mYs=
github.com/veles-security/vapi v1.8.0/go.mod h1:lNjbdnY/29O3pcOvmqBM23iR9Vt+w9BH50v7iEAVDi8=
github.com/veles-security/vapi v1.9.0 h1:w2XsY+rxFqsQpol8c3aadA4T2TzrvjQcF8vflZzGmfA=
github.com/veles-security/vapi v1.9.0/go.mod h1:lNjbdnY/29O3pcOvmqBM23iR9Vt+w9BH50v7iEAVDi8=
