github.com/veles-security/vapi v1.0.0 h1:s3QgH9qTflKGQVo1xLWURIKJiGqoWLnc3xZk0kOTFoY=
github.com/veles-security/vapi v1.0.0/go.mod h1:lNjbdnY/29O3pcOvmqBM23iR9Vt+w9BH50v7iEAVDi8=
github.com/veles-security/vapi v1.1.0 h1:MMDOQwdOoMciH9QMZoILEXr5Jj4UZBesMpVhKK2lra0=
github.com/veles-security/vapi v1.1.0/go.mod h1:lNjbdnY/29O3pcOvmqBM23iR9Vt+w9BH50v7iEAVDi8=
