github.com/veles-security/vapi v1.11.0 h1:N1BZNP3xTDYCa9ffZzgyBn6vdKsp4GJTDHoH3OYRaew=
github.com/veles-security/vapi v1.11.0/go.mod h1:lNjbdnY/29O3pcOvmqBM23iR9Vt+w9BH50v7iEAVDi8=
github.com/veles-security/vcrypt v1.3.0 h1:YaR/g16aung/9nLNne5p7FeT4tiO+FOKWP6F9itGr0Y=
github.com/veles-security/vcrypt v1.3.0/go.mod h1:JHLWX2KZBmCGJVD+xZsRv/mo18lp7fuCDl4dE0XK0Dg=
github.com/veles-security/vcrypt v1.4.0 h1:GPEOnyCKdj9Ip5ZRZoIgG8Qojeg+fJawNKW2Dqf3gqk=
github.com/veles-security/vcrypt v1.4.0/go.mod h1:JHLWX2KZBmCGJVD+xZsRv/mo18lp7fuCDl4dE0XK0Dg=
